
Microsoft Visual Studio Solution File, Format Version 12.00
# Visual Studio Version 16
VisualStudioVersion = 16.0.31624.102
MinimumVisualStudioVersion = 10.0.40219.1
Project("{FAE04EC0-301F-11D3-BF4B-00C04F79EFBC}") = "Airports.Console", "Airports.Console\Airports.Console.csproj", "{FBD498CC-8B1D-4A2F-83B4-429C6FD2A291}"
EndProject
Project("{FAE04EC0-301F-11D3-BF4B-00C04F79EFBC}") = "Airports.Logic", "Airports.Logic\Airports.Logic.csproj", "{CDA5D4E5-9EB7-4138-A2B5-EEF0CC46107F}"
EndProject
Global
	GlobalSection(SolutionConfigurationPlatforms) = preSolution
		Debug|Any CPU = Debug|Any CPU
		Release|Any CPU = Release|Any CPU
	EndGlobalSection
	GlobalSection(ProjectConfigurationPlatforms) = postSolution
		{FBD498CC-8B1D-4A2F-83B4-429C6FD2A291}.Debug|Any CPU.ActiveCfg = Debug|Any CPU
		{FBD498CC-8B1D-4A2F-83B4-429C6FD2A291}.Debug|Any CPU.Build.0 = Debug|Any CPU
		{FBD498CC-8B1D-4A2F-83B4-429C6FD2A291}.Release|Any CPU.ActiveCfg = Release|Any CPU
		{FBD498CC-8B1D-4A2F-83B4-429C6FD2A291}.Release|Any CPU.Build.0 = Release|Any CPU
		{CDA5D4E5-9EB7-4138-A2B5-EEF0CC46107F}.Debug|Any CPU.ActiveCfg = Debug|Any CPU
		{CDA5D4E5-9EB7-4138-A2B5-EEF0CC46107F}.Debug|Any CPU.Build.0 = Debug|Any CPU
		{CDA5D4E5-9EB7-4138-A2B5-EEF0CC46107F}.Release|Any CPU.ActiveCfg = Release|Any CPU
		{CDA5D4E5-9EB7-4138-A2B5-EEF0CC46107F}.Release|Any CPU.Build.0 = Release|Any CPU
	EndGlobalSection
	GlobalSection(SolutionProperties) = preSolution
		HideSolutionNode = FALSE
	EndGlobalSection
	GlobalSection(ExtensibilityGlobals) = postSolution
		SolutionGuid = {7B3EE43B-F56F-407F-84F4-74AC05886929}
	EndGlobalSection
EndGlobal
